// !$*UTF8*$!
{
	archiveVersion = 1;
	classes = {
	};
	objectVersion = 46;
	objects = {

/* Begin PBXBuildFile section */
		28228A3C1D64E188003EE7A7 /* QuartzCore.framework in Frameworks */ = {isa = PBXBuildFile; fileRef = 28228A3B1D64E188003EE7A7 /* QuartzCore.framework */; };
		28228A3F1D64E1E7003EE7A7 /* FBSDKCoreKit.framework in Frameworks */ = {isa = PBXBuildFile; fileRef = 28228A3D1D64E1E7003EE7A7 /* FBSDKCoreKit.framework */; };
		28228A401D64E1E7003EE7A7 /* FBSDKShareKit.framework in Frameworks */ = {isa = PBXBuildFile; fileRef = 28228A3E1D64E1E7003EE7A7 /* FBSDKShareKit.framework */; };
		28298EE41D6FAB5200EC88CC /* TravelConfirmationParameter.m in Sources */ = {isa = PBXBuildFile; fileRef = 28298EE31D6FAB5200EC88CC /* TravelConfirmationParameter.m */; };
		283CA3291D67726600AA7ED0 /* ConfirmTravelingViewController.m in Sources */ = {isa = PBXBuildFile; fileRef = 283CA3281D67726600AA7ED0 /* ConfirmTravelingViewController.m */; };
		28579D341D665AA300AC73D2 /* UITextField+Language.m in Sources */ = {isa = PBXBuildFile; fileRef = 28579D331D665AA300AC73D2 /* UITextField+Language.m */; };
		28579D381D66647000AC73D2 /* SelectTripLocationViewController.m in Sources */ = {isa = PBXBuildFile; fileRef = 28579D371D66647000AC73D2 /* SelectTripLocationViewController.m */; };
		28579D3C1D6670BC00AC73D2 /* Server.m in Sources */ = {isa = PBXBuildFile; fileRef = 28579D3B1D6670BC00AC73D2 /* Server.m */; };
		28579D401D66735D00AC73D2 /* CityInfo.m in Sources */ = {isa = PBXBuildFile; fileRef = 28579D3F1D66735D00AC73D2 /* CityInfo.m */; };
		28579D451D667ED600AC73D2 /* LoginParameter.m in Sources */ = {isa = PBXBuildFile; fileRef = 28579D441D667ED600AC73D2 /* LoginParameter.m */; };
		2875C41D1D6F8A750034CD9A /* GetZoneResult.m in Sources */ = {isa = PBXBuildFile; fileRef = 2875C41C1D6F8A750034CD9A /* GetZoneResult.m */; };
		2875C4201D6F9BBC0034CD9A /* GetUserInfoResult.m in Sources */ = {isa = PBXBuildFile; fileRef = 2875C41F1D6F9BBC0034CD9A /* GetUserInfoResult.m */; };
		28861CF61D6531B3008DD54F /* UIBarButtonItem+Language.m in Sources */ = {isa = PBXBuildFile; fileRef = 28861CF51D6531B3008DD54F /* UIBarButtonItem+Language.m */; };
		28861CFB1D6532BD008DD54F /* Default.txt in Resources */ = {isa = PBXBuildFile; fileRef = 28861CFA1D6532BD008DD54F /* Default.txt */; };
		28861D001D653D90008DD54F /* SettingsViewController.m in Sources */ = {isa = PBXBuildFile; fileRef = 28861CFF1D653D90008DD54F /* SettingsViewController.m */; };
		289871731D6642E800F63DF7 /* UIButton+Language.m in Sources */ = {isa = PBXBuildFile; fileRef = 289871721D6642E800F63DF7 /* UIButton+Language.m */; };
		28E3038E1D64A7D60009FF10 /* main.m in Sources */ = {isa = PBXBuildFile; fileRef = 28E3038D1D64A7D60009FF10 /* main.m */; };
		28E303911D64A7D60009FF10 /* AppDelegate.m in Sources */ = {isa = PBXBuildFile; fileRef = 28E303901D64A7D60009FF10 /* AppDelegate.m */; };
		28E303971D64A7D60009FF10 /* Main.storyboard in Resources */ = {isa = PBXBuildFile; fileRef = 28E303951D64A7D60009FF10 /* Main.storyboard */; };
		28E303991D64A7D60009FF10 /* Assets.xcassets in Resources */ = {isa = PBXBuildFile; fileRef = 28E303981D64A7D60009FF10 /* Assets.xcassets */; };
		28E3039C1D64A7D60009FF10 /* LaunchScreen.storyboard in Resources */ = {isa = PBXBuildFile; fileRef = 28E3039A1D64A7D60009FF10 /* LaunchScreen.storyboard */; };
		28E303A71D64A7D60009FF10 /* JabeJaUITests.m in Sources */ = {isa = PBXBuildFile; fileRef = 28E303A61D64A7D60009FF10 /* JabeJaUITests.m */; };
		28E303B51D64A8D60009FF10 /* HomeViewController.m in Sources */ = {isa = PBXBuildFile; fileRef = 28E303B41D64A8D60009FF10 /* HomeViewController.m */; };
		28E303B91D64A9570009FF10 /* English.txt in Resources */ = {isa = PBXBuildFile; fileRef = 28E303B81D64A9570009FF10 /* English.txt */; };
		28E303BB1D64A9670009FF10 /* Persian.txt in Resources */ = {isa = PBXBuildFile; fileRef = 28E303BA1D64A9670009FF10 /* Persian.txt */; };
		28E303C51D64AA000009FF10 /* Guid.m in Sources */ = {isa = PBXBuildFile; fileRef = 28E303BE1D64AA000009FF10 /* Guid.m */; };
		28E303C61D64AA000009FF10 /* NSString+Contains.m in Sources */ = {isa = PBXBuildFile; fileRef = 28E303C01D64AA000009FF10 /* NSString+Contains.m */; };
		28E303C71D64AA000009FF10 /* Settings.m in Sources */ = {isa = PBXBuildFile; fileRef = 28E303C21D64AA000009FF10 /* Settings.m */; };
		28E303C81D64AA000009FF10 /* Utils.m in Sources */ = {isa = PBXBuildFile; fileRef = 28E303C41D64AA000009FF10 /* Utils.m */; };
		28E303CC1D64AAD00009FF10 /* Theme.m in Sources */ = {isa = PBXBuildFile; fileRef = 28E303CB1D64AAD00009FF10 /* Theme.m */; };
		28E303D01D64AAFA0009FF10 /* LanguageStrings.m in Sources */ = {isa = PBXBuildFile; fileRef = 28E303CF1D64AAFA0009FF10 /* LanguageStrings.m */; };
		28E303D51D64AD600009FF10 /* IRANSans-Bold.ttf in Resources */ = {isa = PBXBuildFile; fileRef = 28E303D31D64AD600009FF10 /* IRANSans-Bold.ttf */; };
		28E303D61D64AD600009FF10 /* IRANSans.ttf in Resources */ = {isa = PBXBuildFile; fileRef = 28E303D41D64AD600009FF10 /* IRANSans.ttf */; };
		28E303DB1D64AE6E0009FF10 /* BaseViewController.m in Sources */ = {isa = PBXBuildFile; fileRef = 28E303DA1D64AE6E0009FF10 /* BaseViewController.m */; };
		28E303DE1D64B3B60009FF10 /* SignInViewController.m in Sources */ = {isa = PBXBuildFile; fileRef = 28E303DD1D64B3B60009FF10 /* SignInViewController.m */; };
		28E303E21D64B41B0009FF10 /* PresentViewSegue.m in Sources */ = {isa = PBXBuildFile; fileRef = 28E303E11D64B41B0009FF10 /* PresentViewSegue.m */; };
		28E303E61D64B5AE0009FF10 /* AuthUtils.m in Sources */ = {isa = PBXBuildFile; fileRef = 28E303E51D64B5AE0009FF10 /* AuthUtils.m */; };
		28E303EB1D64BB6B0009FF10 /* UILabel+Language.m in Sources */ = {isa = PBXBuildFile; fileRef = 28E303EA1D64BB6B0009FF10 /* UILabel+Language.m */; };
		28E303EE1D64C3E00009FF10 /* UINavigationItem+Language.m in Sources */ = {isa = PBXBuildFile; fileRef = 28E303ED1D64C3E00009FF10 /* UINavigationItem+Language.m */; };
		28E303F11D64C69E0009FF10 /* FBSDKLoginKit.framework in Frameworks */ = {isa = PBXBuildFile; fileRef = 28E303F01D64C69E0009FF10 /* FBSDKLoginKit.framework */; };
		28E549281D6DE55D00C2AE52 /* GeneralResponse.m in Sources */ = {isa = PBXBuildFile; fileRef = 28E549271D6DE55D00C2AE52 /* GeneralResponse.m */; };
		317B270D9175F80D9B33D3DD /* libPods-JabeJa.a in Frameworks */ = {isa = PBXBuildFile; fileRef = 3C47A44BF8EAE271B70C530F /* libPods-JabeJa.a */; };
/* End PBXBuildFile section */

/* Begin PBXContainerItemProxy section */
		28E303A31D64A7D60009FF10 /* PBXContainerItemProxy */ = {
			isa = PBXContainerItemProxy;
			containerPortal = 28E303811D64A7D60009FF10 /* Project object */;
			proxyType = 1;
			remoteGlobalIDString = 28E303881D64A7D60009FF10;
			remoteInfo = JabeJa;
		};
/* End PBXContainerItemProxy section */

/* Begin PBXFileReference section */
		1D6F9809AC02C85904FF8DA9 /* Pods-JabeJa.release.xcconfig */ = {isa = PBXFileReference; includeInIndex = 1; lastKnownFileType = text.xcconfig; name = "Pods-JabeJa.release.xcconfig"; path = "Pods/Target Support Files/Pods-JabeJa/Pods-JabeJa.release.xcconfig"; sourceTree = "<group>"; };
		28228A3B1D64E188003EE7A7 /* QuartzCore.framework */ = {isa = PBXFileReference; lastKnownFileType = wrapper.framework; name = QuartzCore.framework; path = System/Library/Frameworks/QuartzCore.framework; sourceTree = SDKROOT; };
		28228A3D1D64E1E7003EE7A7 /* FBSDKCoreKit.framework */ = {isa = PBXFileReference; lastKnownFileType = wrapper.framework; name = FBSDKCoreKit.framework; path = ../../../../../Users/yektaie/Documents/FacebookSDK/FBSDKCoreKit.framework; sourceTree = "<group>"; };
		28228A3E1D64E1E7003EE7A7 /* FBSDKShareKit.framework */ = {isa = PBXFileReference; lastKnownFileType = wrapper.framework; name = FBSDKShareKit.framework; path = ../../../../../Users/yektaie/Documents/FacebookSDK/FBSDKShareKit.framework; sourceTree = "<group>"; };
		28298EE21D6FAB5200EC88CC /* TravelConfirmationParameter.h */ = {isa = PBXFileReference; fileEncoding = 4; lastKnownFileType = sourcecode.c.h; name = TravelConfirmationParameter.h; path = Source/Models/Server/Structures/TravelConfirmationParameter.h; sourceTree = "<group>"; };
		28298EE31D6FAB5200EC88CC /* TravelConfirmationParameter.m */ = {isa = PBXFileReference; fileEncoding = 4; lastKnownFileType = sourcecode.c.objc; name = TravelConfirmationParameter.m; path = Source/Models/Server/Structures/TravelConfirmationParameter.m; sourceTree = "<group>"; };
		283CA3271D67726600AA7ED0 /* ConfirmTravelingViewController.h */ = {isa = PBXFileReference; fileEncoding = 4; lastKnownFileType = sourcecode.c.h; name = ConfirmTravelingViewController.h; path = Source/Views/ConfirmTraveling/ConfirmTravelingViewController.h; sourceTree = "<group>"; };
		283CA3281D67726600AA7ED0 /* ConfirmTravelingViewController.m */ = {isa = PBXFileReference; fileEncoding = 4; lastKnownFileType = sourcecode.c.objc; name = ConfirmTravelingViewController.m; path = Source/Views/ConfirmTraveling/ConfirmTravelingViewController.m; sourceTree = "<group>"; };
		28579D321D665AA300AC73D2 /* UITextField+Language.h */ = {isa = PBXFileReference; fileEncoding = 4; lastKnownFileType = sourcecode.c.h; name = "UITextField+Language.h"; path = "Source/Views/Bases/Extensions/UITextField+Language.h"; sourceTree = "<group>"; };
		28579D331D665AA300AC73D2 /* UITextField+Language.m */ = {isa = PBXFileReference; fileEncoding = 4; lastKnownFileType = sourcecode.c.objc; name = "UITextField+Language.m"; path = "Source/Views/Bases/Extensions/UITextField+Language.m"; sourceTree = "<group>"; };
		28579D361D66647000AC73D2 /* SelectTripLocationViewController.h */ = {isa = PBXFileReference; fileEncoding = 4; lastKnownFileType = sourcecode.c.h; name = SelectTripLocationViewController.h; path = Source/Views/TripLocation/SelectTripLocationViewController.h; sourceTree = "<group>"; };
		28579D371D66647000AC73D2 /* SelectTripLocationViewController.m */ = {isa = PBXFileReference; fileEncoding = 4; lastKnownFileType = sourcecode.c.objc; name = SelectTripLocationViewController.m; path = Source/Views/TripLocation/SelectTripLocationViewController.m; sourceTree = "<group>"; };
		28579D3A1D6670BC00AC73D2 /* Server.h */ = {isa = PBXFileReference; fileEncoding = 4; lastKnownFileType = sourcecode.c.h; name = Server.h; path = Source/Models/Server/Server.h; sourceTree = "<group>"; };
		28579D3B1D6670BC00AC73D2 /* Server.m */ = {isa = PBXFileReference; fileEncoding = 4; lastKnownFileType = sourcecode.c.objc; name = Server.m; path = Source/Models/Server/Server.m; sourceTree = "<group>"; };
		28579D3E1D66735D00AC73D2 /* CityInfo.h */ = {isa = PBXFileReference; fileEncoding = 4; lastKnownFileType = sourcecode.c.h; name = CityInfo.h; path = Source/Models/Server/Structures/CityInfo.h; sourceTree = "<group>"; };
		28579D3F1D66735D00AC73D2 /* CityInfo.m */ = {isa = PBXFileReference; fileEncoding = 4; lastKnownFileType = sourcecode.c.objc; name = CityInfo.m; path = Source/Models/Server/Structures/CityInfo.m; sourceTree = "<group>"; };
		28579D431D667ED600AC73D2 /* LoginParameter.h */ = {isa = PBXFileReference; fileEncoding = 4; lastKnownFileType = sourcecode.c.h; name = LoginParameter.h; path = Source/Models/Server/Structures/LoginParameter.h; sourceTree = "<group>"; };
		28579D441D667ED600AC73D2 /* LoginParameter.m */ = {isa = PBXFileReference; fileEncoding = 4; lastKnownFileType = sourcecode.c.objc; name = LoginParameter.m; path = Source/Models/Server/Structures/LoginParameter.m; sourceTree = "<group>"; };
		2875C41B1D6F8A750034CD9A /* GetZoneResult.h */ = {isa = PBXFileReference; fileEncoding = 4; lastKnownFileType = sourcecode.c.h; name = GetZoneResult.h; path = Source/Models/Server/Structures/GetZoneResult.h; sourceTree = "<group>"; };
		2875C41C1D6F8A750034CD9A /* GetZoneResult.m */ = {isa = PBXFileReference; fileEncoding = 4; lastKnownFileType = sourcecode.c.objc; name = GetZoneResult.m; path = Source/Models/Server/Structures/GetZoneResult.m; sourceTree = "<group>"; };
		2875C41E1D6F9BBC0034CD9A /* GetUserInfoResult.h */ = {isa = PBXFileReference; fileEncoding = 4; lastKnownFileType = sourcecode.c.h; name = GetUserInfoResult.h; path = Source/Models/Server/Structures/GetUserInfoResult.h; sourceTree = "<group>"; };
		2875C41F1D6F9BBC0034CD9A /* GetUserInfoResult.m */ = {isa = PBXFileReference; fileEncoding = 4; lastKnownFileType = sourcecode.c.objc; name = GetUserInfoResult.m; path = Source/Models/Server/Structures/GetUserInfoResult.m; sourceTree = "<group>"; };
		28861CF41D6531B3008DD54F /* UIBarButtonItem+Language.h */ = {isa = PBXFileReference; fileEncoding = 4; lastKnownFileType = sourcecode.c.h; name = "UIBarButtonItem+Language.h"; path = "Source/Views/Bases/Extensions/UIBarButtonItem+Language.h"; sourceTree = "<group>"; };
		28861CF51D6531B3008DD54F /* UIBarButtonItem+Language.m */ = {isa = PBXFileReference; fileEncoding = 4; lastKnownFileType = sourcecode.c.objc; name = "UIBarButtonItem+Language.m"; path = "Source/Views/Bases/Extensions/UIBarButtonItem+Language.m"; sourceTree = "<group>"; };
		28861CFA1D6532BD008DD54F /* Default.txt */ = {isa = PBXFileReference; fileEncoding = 4; lastKnownFileType = text; name = Default.txt; path = Resources/Theme/Default.txt; sourceTree = "<group>"; };
		28861CFC1D65366A008DD54F /* ExtUtils.h */ = {isa = PBXFileReference; lastKnownFileType = sourcecode.c.h; name = ExtUtils.h; path = Source/Views/Bases/Extensions/ExtUtils.h; sourceTree = "<group>"; };
		28861CFE1D653D90008DD54F /* SettingsViewController.h */ = {isa = PBXFileReference; fileEncoding = 4; lastKnownFileType = sourcecode.c.h; name = SettingsViewController.h; path = Source/Views/Settings/SettingsViewController.h; sourceTree = "<group>"; };
		28861CFF1D653D90008DD54F /* SettingsViewController.m */ = {isa = PBXFileReference; fileEncoding = 4; lastKnownFileType = sourcecode.c.objc; name = SettingsViewController.m; path = Source/Views/Settings/SettingsViewController.m; sourceTree = "<group>"; };
		289871711D6642E800F63DF7 /* UIButton+Language.h */ = {isa = PBXFileReference; fileEncoding = 4; lastKnownFileType = sourcecode.c.h; name = "UIButton+Language.h"; path = "Source/Views/Bases/Extensions/UIButton+Language.h"; sourceTree = "<group>"; };
		289871721D6642E800F63DF7 /* UIButton+Language.m */ = {isa = PBXFileReference; fileEncoding = 4; lastKnownFileType = sourcecode.c.objc; name = "UIButton+Language.m"; path = "Source/Views/Bases/Extensions/UIButton+Language.m"; sourceTree = "<group>"; };
		28E303891D64A7D60009FF10 /* JabeJa.app */ = {isa = PBXFileReference; explicitFileType = wrapper.application; includeInIndex = 0; path = JabeJa.app; sourceTree = BUILT_PRODUCTS_DIR; };
		28E3038D1D64A7D60009FF10 /* main.m */ = {isa = PBXFileReference; lastKnownFileType = sourcecode.c.objc; path = main.m; sourceTree = "<group>"; };
		28E3038F1D64A7D60009FF10 /* AppDelegate.h */ = {isa = PBXFileReference; lastKnownFileType = sourcecode.c.h; path = AppDelegate.h; sourceTree = "<group>"; };
		28E303901D64A7D60009FF10 /* AppDelegate.m */ = {isa = PBXFileReference; lastKnownFileType = sourcecode.c.objc; path = AppDelegate.m; sourceTree = "<group>"; };
		28E303961D64A7D60009FF10 /* Base */ = {isa = PBXFileReference; lastKnownFileType = file.storyboard; name = Base; path = Base.lproj/Main.storyboard; sourceTree = "<group>"; };
		28E303981D64A7D60009FF10 /* Assets.xcassets */ = {isa = PBXFileReference; lastKnownFileType = folder.assetcatalog; path = Assets.xcassets; sourceTree = "<group>"; };
		28E3039B1D64A7D60009FF10 /* Base */ = {isa = PBXFileReference; lastKnownFileType = file.storyboard; name = Base; path = Base.lproj/LaunchScreen.storyboard; sourceTree = "<group>"; };
		28E3039D1D64A7D60009FF10 /* Info.plist */ = {isa = PBXFileReference; lastKnownFileType = text.plist.xml; path = Info.plist; sourceTree = "<group>"; };
		28E303A21D64A7D60009FF10 /* JabeJaUITests.xctest */ = {isa = PBXFileReference; explicitFileType = wrapper.cfbundle; includeInIndex = 0; path = JabeJaUITests.xctest; sourceTree = BUILT_PRODUCTS_DIR; };
		28E303A61D64A7D60009FF10 /* JabeJaUITests.m */ = {isa = PBXFileReference; lastKnownFileType = sourcecode.c.objc; path = JabeJaUITests.m; sourceTree = "<group>"; };
		28E303A81D64A7D60009FF10 /* Info.plist */ = {isa = PBXFileReference; lastKnownFileType = text.plist.xml; path = Info.plist; sourceTree = "<group>"; };
		28E303B31D64A8D60009FF10 /* HomeViewController.h */ = {isa = PBXFileReference; fileEncoding = 4; lastKnownFileType = sourcecode.c.h; name = HomeViewController.h; path = Source/Views/Home/HomeViewController.h; sourceTree = "<group>"; };
		28E303B41D64A8D60009FF10 /* HomeViewController.m */ = {isa = PBXFileReference; fileEncoding = 4; lastKnownFileType = sourcecode.c.objc; name = HomeViewController.m; path = Source/Views/Home/HomeViewController.m; sourceTree = "<group>"; };
		28E303B81D64A9570009FF10 /* English.txt */ = {isa = PBXFileReference; fileEncoding = 4; lastKnownFileType = text; name = English.txt; path = Resources/Languages/English.txt; sourceTree = "<group>"; };
		28E303BA1D64A9670009FF10 /* Persian.txt */ = {isa = PBXFileReference; fileEncoding = 4; lastKnownFileType = text; name = Persian.txt; path = Resources/Languages/Persian.txt; sourceTree = "<group>"; };
		28E303BD1D64AA000009FF10 /* Guid.h */ = {isa = PBXFileReference; fileEncoding = 4; lastKnownFileType = sourcecode.c.h; name = Guid.h; path = Source/Models/Utils/Guid.h; sourceTree = "<group>"; };
		28E303BE1D64AA000009FF10 /* Guid.m */ = {isa = PBXFileReference; fileEncoding = 4; lastKnownFileType = sourcecode.c.objc; name = Guid.m; path = Source/Models/Utils/Guid.m; sourceTree = "<group>"; };
		28E303BF1D64AA000009FF10 /* NSString+Contains.h */ = {isa = PBXFileReference; fileEncoding = 4; lastKnownFileType = sourcecode.c.h; name = "NSString+Contains.h"; path = "Source/Models/Utils/NSString+Contains.h"; sourceTree = "<group>"; };
		28E303C01D64AA000009FF10 /* NSString+Contains.m */ = {isa = PBXFileReference; fileEncoding = 4; lastKnownFileType = sourcecode.c.objc; name = "NSString+Contains.m"; path = "Source/Models/Utils/NSString+Contains.m"; sourceTree = "<group>"; };
		28E303C11D64AA000009FF10 /* Settings.h */ = {isa = PBXFileReference; fileEncoding = 4; lastKnownFileType = sourcecode.c.h; name = Settings.h; path = Source/Models/Utils/Settings.h; sourceTree = "<group>"; };
		28E303C21D64AA000009FF10 /* Settings.m */ = {isa = PBXFileReference; fileEncoding = 4; lastKnownFileType = sourcecode.c.objc; name = Settings.m; path = Source/Models/Utils/Settings.m; sourceTree = "<group>"; };
		28E303C31D64AA000009FF10 /* Utils.h */ = {isa = PBXFileReference; fileEncoding = 4; lastKnownFileType = sourcecode.c.h; name = Utils.h; path = Source/Models/Utils/Utils.h; sourceTree = "<group>"; };
		28E303C41D64AA000009FF10 /* Utils.m */ = {isa = PBXFileReference; fileEncoding = 4; lastKnownFileType = sourcecode.c.objc; name = Utils.m; path = Source/Models/Utils/Utils.m; sourceTree = "<group>"; };
		28E303CA1D64AAD00009FF10 /* Theme.h */ = {isa = PBXFileReference; fileEncoding = 4; lastKnownFileType = sourcecode.c.h; name = Theme.h; path = Source/Models/Theme/Theme.h; sourceTree = "<group>"; };
		28E303CB1D64AAD00009FF10 /* Theme.m */ = {isa = PBXFileReference; fileEncoding = 4; lastKnownFileType = sourcecode.c.objc; name = Theme.m; path = Source/Models/Theme/Theme.m; sourceTree = "<group>"; };
		28E303CE1D64AAFA0009FF10 /* LanguageStrings.h */ = {isa = PBXFileReference; fileEncoding = 4; lastKnownFileType = sourcecode.c.h; name = LanguageStrings.h; path = Source/Models/Language/LanguageStrings.h; sourceTree = "<group>"; };
		28E303CF1D64AAFA0009FF10 /* LanguageStrings.m */ = {isa = PBXFileReference; fileEncoding = 4; lastKnownFileType = sourcecode.c.objc; name = LanguageStrings.m; path = Source/Models/Language/LanguageStrings.m; sourceTree = "<group>"; };
		28E303D11D64ABA50009FF10 /* Commons.pch */ = {isa = PBXFileReference; lastKnownFileType = sourcecode.c.h; path = Commons.pch; sourceTree = "<group>"; };
		28E303D31D64AD600009FF10 /* IRANSans-Bold.ttf */ = {isa = PBXFileReference; lastKnownFileType = file; name = "IRANSans-Bold.ttf"; path = "Resources/Fonts/IRANSans-Bold.ttf"; sourceTree = "<group>"; };
		28E303D41D64AD600009FF10 /* IRANSans.ttf */ = {isa = PBXFileReference; lastKnownFileType = file; name = IRANSans.ttf; path = Resources/Fonts/IRANSans.ttf; sourceTree = "<group>"; };
		28E303D91D64AE6E0009FF10 /* BaseViewController.h */ = {isa = PBXFileReference; fileEncoding = 4; lastKnownFileType = sourcecode.c.h; name = BaseViewController.h; path = Source/Views/Bases/BaseViewController.h; sourceTree = "<group>"; };
		28E303DA1D64AE6E0009FF10 /* BaseViewController.m */ = {isa = PBXFileReference; fileEncoding = 4; lastKnownFileType = sourcecode.c.objc; name = BaseViewController.m; path = Source/Views/Bases/BaseViewController.m; sourceTree = "<group>"; };
		28E303DC1D64B3B60009FF10 /* SignInViewController.h */ = {isa = PBXFileReference; fileEncoding = 4; lastKnownFileType = sourcecode.c.h; name = SignInViewController.h; path = Source/Views/SignIn/SignInViewController.h; sourceTree = "<group>"; };
		28E303DD1D64B3B60009FF10 /* SignInViewController.m */ = {isa = PBXFileReference; fileEncoding = 4; lastKnownFileType = sourcecode.c.objc; name = SignInViewController.m; path = Source/Views/SignIn/SignInViewController.m; sourceTree = "<group>"; };
		28E303E01D64B41B0009FF10 /* PresentViewSegue.h */ = {isa = PBXFileReference; fileEncoding = 4; lastKnownFileType = sourcecode.c.h; name = PresentViewSegue.h; path = Source/Views/Bases/Segues/PresentViewSegue.h; sourceTree = "<group>"; };
		28E303E11D64B41B0009FF10 /* PresentViewSegue.m */ = {isa = PBXFileReference; fileEncoding = 4; lastKnownFileType = sourcecode.c.objc; name = PresentViewSegue.m; path = Source/Views/Bases/Segues/PresentViewSegue.m; sourceTree = "<group>"; };
		28E303E41D64B5AE0009FF10 /* AuthUtils.h */ = {isa = PBXFileReference; fileEncoding = 4; lastKnownFileType = sourcecode.c.h; name = AuthUtils.h; path = Source/Models/Auth/AuthUtils.h; sourceTree = "<group>"; };
		28E303E51D64B5AE0009FF10 /* AuthUtils.m */ = {isa = PBXFileReference; fileEncoding = 4; lastKnownFileType = sourcecode.c.objc; name = AuthUtils.m; path = Source/Models/Auth/AuthUtils.m; sourceTree = "<group>"; };
		28E303E71D64B99C0009FF10 /* Constants.h */ = {isa = PBXFileReference; lastKnownFileType = sourcecode.c.h; name = Constants.h; path = Source/Constants.h; sourceTree = "<group>"; };
		28E303E91D64BB6B0009FF10 /* UILabel+Language.h */ = {isa = PBXFileReference; fileEncoding = 4; lastKnownFileType = sourcecode.c.h; name = "UILabel+Language.h"; path = "Source/Views/Bases/Extensions/UILabel+Language.h"; sourceTree = "<group>"; };
		28E303EA1D64BB6B0009FF10 /* UILabel+Language.m */ = {isa = PBXFileReference; fileEncoding = 4; lastKnownFileType = sourcecode.c.objc; name = "UILabel+Language.m"; path = "Source/Views/Bases/Extensions/UILabel+Language.m"; sourceTree = "<group>"; };
		28E303EC1D64C3E00009FF10 /* UINavigationItem+Language.h */ = {isa = PBXFileReference; fileEncoding = 4; lastKnownFileType = sourcecode.c.h; name = "UINavigationItem+Language.h"; path = "Source/Views/Bases/Extensions/UINavigationItem+Language.h"; sourceTree = "<group>"; };
		28E303ED1D64C3E00009FF10 /* UINavigationItem+Language.m */ = {isa = PBXFileReference; fileEncoding = 4; lastKnownFileType = sourcecode.c.objc; name = "UINavigationItem+Language.m"; path = "Source/Views/Bases/Extensions/UINavigationItem+Language.m"; sourceTree = "<group>"; };
		28E303F01D64C69E0009FF10 /* FBSDKLoginKit.framework */ = {isa = PBXFileReference; lastKnownFileType = wrapper.framework; name = FBSDKLoginKit.framework; path = ../../../../../Users/yektaie/Documents/FacebookSDK/FBSDKLoginKit.framework; sourceTree = "<group>"; };
		28E549261D6DE55D00C2AE52 /* GeneralResponse.h */ = {isa = PBXFileReference; fileEncoding = 4; lastKnownFileType = sourcecode.c.h; name = GeneralResponse.h; path = Source/Models/Server/Structures/GeneralResponse.h; sourceTree = "<group>"; };
		28E549271D6DE55D00C2AE52 /* GeneralResponse.m */ = {isa = PBXFileReference; fileEncoding = 4; lastKnownFileType = sourcecode.c.objc; name = GeneralResponse.m; path = Source/Models/Server/Structures/GeneralResponse.m; sourceTree = "<group>"; };
		3C47A44BF8EAE271B70C530F /* libPods-JabeJa.a */ = {isa = PBXFileReference; explicitFileType = archive.ar; includeInIndex = 0; path = "libPods-JabeJa.a"; sourceTree = BUILT_PRODUCTS_DIR; };
		DB210FDBF5DAE2BDACA4302B /* Pods-JabeJa.debug.xcconfig */ = {isa = PBXFileReference; includeInIndex = 1; lastKnownFileType = text.xcconfig; name = "Pods-JabeJa.debug.xcconfig"; path = "Pods/Target Support Files/Pods-JabeJa/Pods-JabeJa.debug.xcconfig"; sourceTree = "<group>"; };
/* End PBXFileReference section */

/* Begin PBXFrameworksBuildPhase section */
		28E303861D64A7D60009FF10 /* Frameworks */ = {
			isa = PBXFrameworksBuildPhase;
			buildActionMask = 2147483647;
			files = (
				28228A401D64E1E7003EE7A7 /* FBSDKShareKit.framework in Frameworks */,
				28228A3C1D64E188003EE7A7 /* QuartzCore.framework in Frameworks */,
				28228A3F1D64E1E7003EE7A7 /* FBSDKCoreKit.framework in Frameworks */,
				28E303F11D64C69E0009FF10 /* FBSDKLoginKit.framework in Frameworks */,
				317B270D9175F80D9B33D3DD /* libPods-JabeJa.a in Frameworks */,
			);
			runOnlyForDeploymentPostprocessing = 0;
		};
		28E3039F1D64A7D60009FF10 /* Frameworks */ = {
			isa = PBXFrameworksBuildPhase;
			buildActionMask = 2147483647;
			files = (
			);
			runOnlyForDeploymentPostprocessing = 0;
		};
/* End PBXFrameworksBuildPhase section */

/* Begin PBXGroup section */
		28298EDE1D6FAB1100EC88CC /* Travel */ = {
			isa = PBXGroup;
			children = (
				28298EE21D6FAB5200EC88CC /* TravelConfirmationParameter.h */,
				28298EE31D6FAB5200EC88CC /* TravelConfirmationParameter.m */,
			);
			name = Travel;
			sourceTree = "<group>";
		};
		283CA3251D6770DE00AA7ED0 /* ConfirmTraveling */ = {
			isa = PBXGroup;
			children = (
				283CA3271D67726600AA7ED0 /* ConfirmTravelingViewController.h */,
				283CA3281D67726600AA7ED0 /* ConfirmTravelingViewController.m */,
			);
			name = ConfirmTraveling;
			sourceTree = "<group>";
		};
		283CA3261D6770EF00AA7ED0 /* SearchTravelers */ = {
			isa = PBXGroup;
			children = (
			);
			name = SearchTravelers;
			sourceTree = "<group>";
		};
		28579D351D66642A00AC73D2 /* TripLocation */ = {
			isa = PBXGroup;
			children = (
				28579D361D66647000AC73D2 /* SelectTripLocationViewController.h */,
				28579D371D66647000AC73D2 /* SelectTripLocationViewController.m */,
			);
			name = TripLocation;
			sourceTree = "<group>";
		};
		28579D391D66709D00AC73D2 /* Server */ = {
			isa = PBXGroup;
			children = (
				28579D411D667EB400AC73D2 /* Structures */,
				28579D3A1D6670BC00AC73D2 /* Server.h */,
				28579D3B1D6670BC00AC73D2 /* Server.m */,
			);
			name = Server;
			sourceTree = "<group>";
		};
		28579D3D1D66734000AC73D2 /* CityInfo */ = {
			isa = PBXGroup;
			children = (
				28579D3E1D66735D00AC73D2 /* CityInfo.h */,
				28579D3F1D66735D00AC73D2 /* CityInfo.m */,
				2875C41B1D6F8A750034CD9A /* GetZoneResult.h */,
				2875C41C1D6F8A750034CD9A /* GetZoneResult.m */,
			);
			name = CityInfo;
			sourceTree = "<group>";
		};
		28579D411D667EB400AC73D2 /* Structures */ = {
			isa = PBXGroup;
			children = (
				28298EDE1D6FAB1100EC88CC /* Travel */,
				28579D421D667EBF00AC73D2 /* Login */,
				28579D3D1D66734000AC73D2 /* CityInfo */,
				28E549261D6DE55D00C2AE52 /* GeneralResponse.h */,
				28E549271D6DE55D00C2AE52 /* GeneralResponse.m */,
			);
			name = Structures;
			sourceTree = "<group>";
		};
		28579D421D667EBF00AC73D2 /* Login */ = {
			isa = PBXGroup;
			children = (
				28579D431D667ED600AC73D2 /* LoginParameter.h */,
				28579D441D667ED600AC73D2 /* LoginParameter.m */,
				2875C41E1D6F9BBC0034CD9A /* GetUserInfoResult.h */,
				2875C41F1D6F9BBC0034CD9A /* GetUserInfoResult.m */,
			);
			name = Login;
			sourceTree = "<group>";
		};
		28861CF71D653288008DD54F /* Theme */ = {
			isa = PBXGroup;
			children = (
				28861CFA1D6532BD008DD54F /* Default.txt */,
			);
			name = Theme;
			sourceTree = "<group>";
		};
		28861CFD1D653D4C008DD54F /* Settings */ = {
			isa = PBXGroup;
			children = (
				28861CFE1D653D90008DD54F /* SettingsViewController.h */,
				28861CFF1D653D90008DD54F /* SettingsViewController.m */,
			);
			name = Settings;
			sourceTree = "<group>";
		};
		28E303801D64A7D60009FF10 = {
			isa = PBXGroup;
			children = (
				28E303EF1D64C6690009FF10 /* Frameworks */,
				28E3038B1D64A7D60009FF10 /* JabeJa */,
				28E303A51D64A7D60009FF10 /* JabeJaUITests */,
				28E3038A1D64A7D60009FF10 /* Products */,
				3D6D8807A94D937F44C0F1B6 /* Pods */,
			);
			sourceTree = "<group>";
		};
		28E3038A1D64A7D60009FF10 /* Products */ = {
			isa = PBXGroup;
			children = (
				28E303891D64A7D60009FF10 /* JabeJa.app */,
				28E303A21D64A7D60009FF10 /* JabeJaUITests.xctest */,
			);
			name = Products;
			sourceTree = "<group>";
		};
		28E3038B1D64A7D60009FF10 /* JabeJa */ = {
			isa = PBXGroup;
			children = (
				28E303B61D64A91F0009FF10 /* Resources */,
				28E303B11D64A8960009FF10 /* Models */,
				28E303B21D64A89F0009FF10 /* Views */,
				28E3038F1D64A7D60009FF10 /* AppDelegate.h */,
				28E303901D64A7D60009FF10 /* AppDelegate.m */,
				28E303951D64A7D60009FF10 /* Main.storyboard */,
				28E303981D64A7D60009FF10 /* Assets.xcassets */,
				28E3039A1D64A7D60009FF10 /* LaunchScreen.storyboard */,
				28E3039D1D64A7D60009FF10 /* Info.plist */,
				28E3038C1D64A7D60009FF10 /* Supporting Files */,
				28E303D11D64ABA50009FF10 /* Commons.pch */,
			);
			path = JabeJa;
			sourceTree = "<group>";
		};
		28E3038C1D64A7D60009FF10 /* Supporting Files */ = {
			isa = PBXGroup;
			children = (
				28E3038D1D64A7D60009FF10 /* main.m */,
			);
			name = "Supporting Files";
			sourceTree = "<group>";
		};
		28E303A51D64A7D60009FF10 /* JabeJaUITests */ = {
			isa = PBXGroup;
			children = (
				28E303A61D64A7D60009FF10 /* JabeJaUITests.m */,
				28E303A81D64A7D60009FF10 /* Info.plist */,
			);
			path = JabeJaUITests;
			sourceTree = "<group>";
		};
		28E303B11D64A8960009FF10 /* Models */ = {
			isa = PBXGroup;
			children = (
				28579D391D66709D00AC73D2 /* Server */,
				28E303E31D64B5960009FF10 /* Auth */,
				28E303CD1D64AAE90009FF10 /* Language */,
				28E303C91D64AAC10009FF10 /* Theme */,
				28E303BC1D64A9F10009FF10 /* Utils */,
				28E303E71D64B99C0009FF10 /* Constants.h */,
			);
			name = Models;
			sourceTree = "<group>";
		};
		28E303B21D64A89F0009FF10 /* Views */ = {
			isa = PBXGroup;
			children = (
				283CA3261D6770EF00AA7ED0 /* SearchTravelers */,
				283CA3251D6770DE00AA7ED0 /* ConfirmTraveling */,
				28579D351D66642A00AC73D2 /* TripLocation */,
				28861CFD1D653D4C008DD54F /* Settings */,
				28E303D81D64AE4B0009FF10 /* Bases */,
				28E303D71D64AE310009FF10 /* SignIn */,
				28E303B31D64A8D60009FF10 /* HomeViewController.h */,
				28E303B41D64A8D60009FF10 /* HomeViewController.m */,
			);
			name = Views;
			sourceTree = "<group>";
		};
		28E303B61D64A91F0009FF10 /* Resources */ = {
			isa = PBXGroup;
			children = (
				28861CF71D653288008DD54F /* Theme */,
				28E303D21D64AD2C0009FF10 /* Fonts */,
				28E303B71D64A9270009FF10 /* Language */,
			);
			name = Resources;
			sourceTree = "<group>";
		};
		28E303B71D64A9270009FF10 /* Language */ = {
			isa = PBXGroup;
			children = (
				28E303B81D64A9570009FF10 /* English.txt */,
				28E303BA1D64A9670009FF10 /* Persian.txt */,
			);
			name = Language;
			sourceTree = "<group>";
		};
		28E303BC1D64A9F10009FF10 /* Utils */ = {
			isa = PBXGroup;
			children = (
				28E303BD1D64AA000009FF10 /* Guid.h */,
				28E303BE1D64AA000009FF10 /* Guid.m */,
				28E303BF1D64AA000009FF10 /* NSString+Contains.h */,
				28E303C01D64AA000009FF10 /* NSString+Contains.m */,
				28E303C11D64AA000009FF10 /* Settings.h */,
				28E303C21D64AA000009FF10 /* Settings.m */,
				28E303C31D64AA000009FF10 /* Utils.h */,
				28E303C41D64AA000009FF10 /* Utils.m */,
			);
			name = Utils;
			sourceTree = "<group>";
		};
		28E303C91D64AAC10009FF10 /* Theme */ = {
			isa = PBXGroup;
			children = (
				28E303CA1D64AAD00009FF10 /* Theme.h */,
				28E303CB1D64AAD00009FF10 /* Theme.m */,
			);
			name = Theme;
			sourceTree = "<group>";
		};
		28E303CD1D64AAE90009FF10 /* Language */ = {
			isa = PBXGroup;
			children = (
				28E303CE1D64AAFA0009FF10 /* LanguageStrings.h */,
				28E303CF1D64AAFA0009FF10 /* LanguageStrings.m */,
			);
			name = Language;
			sourceTree = "<group>";
		};
		28E303D21D64AD2C0009FF10 /* Fonts */ = {
			isa = PBXGroup;
			children = (
				28E303D31D64AD600009FF10 /* IRANSans-Bold.ttf */,
				28E303D41D64AD600009FF10 /* IRANSans.ttf */,
			);
			name = Fonts;
			sourceTree = "<group>";
		};
		28E303D71D64AE310009FF10 /* SignIn */ = {
			isa = PBXGroup;
			children = (
				28E303DC1D64B3B60009FF10 /* SignInViewController.h */,
				28E303DD1D64B3B60009FF10 /* SignInViewController.m */,
			);
			name = SignIn;
			sourceTree = "<group>";
		};
		28E303D81D64AE4B0009FF10 /* Bases */ = {
			isa = PBXGroup;
			children = (
				28E303E81D64BB100009FF10 /* Extensions */,
				28E303DF1D64B3ED0009FF10 /* Segues */,
				28E303D91D64AE6E0009FF10 /* BaseViewController.h */,
				28E303DA1D64AE6E0009FF10 /* BaseViewController.m */,
			);
			name = Bases;
			sourceTree = "<group>";
		};
		28E303DF1D64B3ED0009FF10 /* Segues */ = {
			isa = PBXGroup;
			children = (
				28E303E01D64B41B0009FF10 /* PresentViewSegue.h */,
				28E303E11D64B41B0009FF10 /* PresentViewSegue.m */,
			);
			name = Segues;
			sourceTree = "<group>";
		};
		28E303E31D64B5960009FF10 /* Auth */ = {
			isa = PBXGroup;
			children = (
				28E303E41D64B5AE0009FF10 /* AuthUtils.h */,
				28E303E51D64B5AE0009FF10 /* AuthUtils.m */,
			);
			name = Auth;
			sourceTree = "<group>";
		};
		28E303E81D64BB100009FF10 /* Extensions */ = {
			isa = PBXGroup;
			children = (
				28E303E91D64BB6B0009FF10 /* UILabel+Language.h */,
				28E303EA1D64BB6B0009FF10 /* UILabel+Language.m */,
				28E303EC1D64C3E00009FF10 /* UINavigationItem+Language.h */,
				28E303ED1D64C3E00009FF10 /* UINavigationItem+Language.m */,
				28861CF41D6531B3008DD54F /* UIBarButtonItem+Language.h */,
				28861CF51D6531B3008DD54F /* UIBarButtonItem+Language.m */,
				28861CFC1D65366A008DD54F /* ExtUtils.h */,
				289871711D6642E800F63DF7 /* UIButton+Language.h */,
				289871721D6642E800F63DF7 /* UIButton+Language.m */,
				28579D321D665AA300AC73D2 /* UITextField+Language.h */,
				28579D331D665AA300AC73D2 /* UITextField+Language.m */,
			);
			name = Extensions;
			sourceTree = "<group>";
		};
		28E303EF1D64C6690009FF10 /* Frameworks */ = {
			isa = PBXGroup;
			children = (
				28228A3D1D64E1E7003EE7A7 /* FBSDKCoreKit.framework */,
				28228A3E1D64E1E7003EE7A7 /* FBSDKShareKit.framework */,
				28228A3B1D64E188003EE7A7 /* QuartzCore.framework */,
				28E303F01D64C69E0009FF10 /* FBSDKLoginKit.framework */,
				3C47A44BF8EAE271B70C530F /* libPods-JabeJa.a */,
			);
			name = Frameworks;
			sourceTree = "<group>";
		};
		3D6D8807A94D937F44C0F1B6 /* Pods */ = {
			isa = PBXGroup;
			children = (
				DB210FDBF5DAE2BDACA4302B /* Pods-JabeJa.debug.xcconfig */,
				1D6F9809AC02C85904FF8DA9 /* Pods-JabeJa.release.xcconfig */,
			);
			name = Pods;
			sourceTree = "<group>";
		};
/* End PBXGroup section */

/* Begin PBXNativeTarget section */
		28E303881D64A7D60009FF10 /* JabeJa */ = {
			isa = PBXNativeTarget;
			buildConfigurationList = 28E303AB1D64A7D60009FF10 /* Build configuration list for PBXNativeTarget "JabeJa" */;
			buildPhases = (
				AAE731237EFA953A3E5AF731 /* [CP] Check Pods Manifest.lock */,
				28E303851D64A7D60009FF10 /* Sources */,
				28E303861D64A7D60009FF10 /* Frameworks */,
				28E303871D64A7D60009FF10 /* Resources */,
				D554B5245C375570DA84078D /* [CP] Embed Pods Frameworks */,
				3AB136B35DD6920D4A34A3AD /* [CP] Copy Pods Resources */,
			);
			buildRules = (
			);
			dependencies = (
			);
			name = JabeJa;
			productName = JabeJa;
			productReference = 28E303891D64A7D60009FF10 /* JabeJa.app */;
			productType = "com.apple.product-type.application";
		};
		28E303A11D64A7D60009FF10 /* JabeJaUITests */ = {
			isa = PBXNativeTarget;
			buildConfigurationList = 28E303AE1D64A7D60009FF10 /* Build configuration list for PBXNativeTarget "JabeJaUITests" */;
			buildPhases = (
				28E3039E1D64A7D60009FF10 /* Sources */,
				28E3039F1D64A7D60009FF10 /* Frameworks */,
				28E303A01D64A7D60009FF10 /* Resources */,
			);
			buildRules = (
			);
			dependencies = (
				28E303A41D64A7D60009FF10 /* PBXTargetDependency */,
			);
			name = JabeJaUITests;
			productName = JabeJaUITests;
			productReference = 28E303A21D64A7D60009FF10 /* JabeJaUITests.xctest */;
			productType = "com.apple.product-type.bundle.ui-testing";
		};
/* End PBXNativeTarget section */

/* Begin PBXProject section */
		28E303811D64A7D60009FF10 /* Project object */ = {
			isa = PBXProject;
			attributes = {
				LastUpgradeCheck = 0730;
				ORGANIZATIONNAME = "Mohammad Ali Yektaie";
				TargetAttributes = {
					28E303881D64A7D60009FF10 = {
						CreatedOnToolsVersion = 7.3.1;
						DevelopmentTeam = 2VT7W25E3S;
					};
					28E303A11D64A7D60009FF10 = {
						CreatedOnToolsVersion = 7.3.1;
						TestTargetID = 28E303881D64A7D60009FF10;
					};
				};
			};
			buildConfigurationList = 28E303841D64A7D60009FF10 /* Build configuration list for PBXProject "JabeJa" */;
			compatibilityVersion = "Xcode 3.2";
			developmentRegion = English;
			hasScannedForEncodings = 0;
			knownRegions = (
				en,
				Base,
			);
			mainGroup = 28E303801D64A7D60009FF10;
			productRefGroup = 28E3038A1D64A7D60009FF10 /* Products */;
			projectDirPath = "";
			projectRoot = "";
			targets = (
				28E303881D64A7D60009FF10 /* JabeJa */,
				28E303A11D64A7D60009FF10 /* JabeJaUITests */,
			);
		};
/* End PBXProject section */

/* Begin PBXResourcesBuildPhase section */
		28E303871D64A7D60009FF10 /* Resources */ = {
			isa = PBXResourcesBuildPhase;
			buildActionMask = 2147483647;
			files = (
				28E303D61D64AD600009FF10 /* IRANSans.ttf in Resources */,
				28E3039C1D64A7D60009FF10 /* LaunchScreen.storyboard in Resources */,
				28E303991D64A7D60009FF10 /* Assets.xcassets in Resources */,
				28E303D51D64AD600009FF10 /* IRANSans-Bold.ttf in Resources */,
				28E303BB1D64A9670009FF10 /* Persian.txt in Resources */,
				28E303971D64A7D60009FF10 /* Main.storyboard in Resources */,
				28861CFB1D6532BD008DD54F /* Default.txt in Resources */,
				28E303B91D64A9570009FF10 /* English.txt in Resources */,
			);
			runOnlyForDeploymentPostprocessing = 0;
		};
		28E303A01D64A7D60009FF10 /* Resources */ = {
			isa = PBXResourcesBuildPhase;
			buildActionMask = 2147483647;
			files = (
			);
			runOnlyForDeploymentPostprocessing = 0;
		};
/* End PBXResourcesBuildPhase section */

/* Begin PBXShellScriptBuildPhase section */
		3AB136B35DD6920D4A34A3AD /* [CP] Copy Pods Resources */ = {
			isa = PBXShellScriptBuildPhase;
			buildActionMask = 2147483647;
			files = (
			);
			inputPaths = (
			);
			name = "[CP] Copy Pods Resources";
			outputPaths = (
			);
			runOnlyForDeploymentPostprocessing = 0;
			shellPath = /bin/sh;
			shellScript = "\"${SRCROOT}/Pods/Target Support Files/Pods-JabeJa/Pods-JabeJa-resources.sh\"\n";
			showEnvVarsInLog = 0;
		};
		AAE731237EFA953A3E5AF731 /* [CP] Check Pods Manifest.lock */ = {
			isa = PBXShellScriptBuildPhase;
			buildActionMask = 2147483647;
			files = (
			);
			inputPaths = (
			);
			name = "[CP] Check Pods Manifest.lock";
			outputPaths = (
			);
			runOnlyForDeploymentPostprocessing = 0;
			shellPath = /bin/sh;
			shellScript = "diff \"${PODS_ROOT}/../Podfile.lock\" \"${PODS_ROOT}/Manifest.lock\" > /dev/null\nif [[ $? != 0 ]] ; then\n    cat << EOM\nerror: The sandbox is not in sync with the Podfile.lock. Run 'pod install' or update your CocoaPods installation.\nEOM\n    exit 1\nfi\n";
			showEnvVarsInLog = 0;
		};
		D554B5245C375570DA84078D /* [CP] Embed Pods Frameworks */ = {
			isa = PBXShellScriptBuildPhase;
			buildActionMask = 2147483647;
			files = (
			);
			inputPaths = (
			);
			name = "[CP] Embed Pods Frameworks";
			outputPaths = (
			);
			runOnlyForDeploymentPostprocessing = 0;
			shellPath = /bin/sh;
			shellScript = "\"${SRCROOT}/Pods/Target Support Files/Pods-JabeJa/Pods-JabeJa-frameworks.sh\"\n";
			showEnvVarsInLog = 0;
		};
/* End PBXShellScriptBuildPhase section */

/* Begin PBXSourcesBuildPhase section */
		28E303851D64A7D60009FF10 /* Sources */ = {
			isa = PBXSourcesBuildPhase;
			buildActionMask = 2147483647;
			files = (
				283CA3291D67726600AA7ED0 /* ConfirmTravelingViewController.m in Sources */,
				28E303911D64A7D60009FF10 /* AppDelegate.m in Sources */,
				28E549281D6DE55D00C2AE52 /* GeneralResponse.m in Sources */,
				28E303EB1D64BB6B0009FF10 /* UILabel+Language.m in Sources */,
				28861CF61D6531B3008DD54F /* UIBarButtonItem+Language.m in Sources */,
				289871731D6642E800F63DF7 /* UIButton+Language.m in Sources */,
				28E303DB1D64AE6E0009FF10 /* BaseViewController.m in Sources */,
				28E3038E1D64A7D60009FF10 /* main.m in Sources */,
				28579D341D665AA300AC73D2 /* UITextField+Language.m in Sources */,
				28E303EE1D64C3E00009FF10 /* UINavigationItem+Language.m in Sources */,
				28579D381D66647000AC73D2 /* SelectTripLocationViewController.m in Sources */,
				28E303E61D64B5AE0009FF10 /* AuthUtils.m in Sources */,
				28E303C71D64AA000009FF10 /* Settings.m in Sources */,
				28E303DE1D64B3B60009FF10 /* SignInViewController.m in Sources */,
				28861D001D653D90008DD54F /* SettingsViewController.m in Sources */,
				2875C4201D6F9BBC0034CD9A /* GetUserInfoResult.m in Sources */,
				28298EE41D6FAB5200EC88CC /* TravelConfirmationParameter.m in Sources */,
				28579D3C1D6670BC00AC73D2 /* Server.m in Sources */,
				28E303C51D64AA000009FF10 /* Guid.m in Sources */,
				28579D451D667ED600AC73D2 /* LoginParameter.m in Sources */,
				28E303D01D64AAFA0009FF10 /* LanguageStrings.m in Sources */,
				28579D401D66735D00AC73D2 /* CityInfo.m in Sources */,
				28E303B51D64A8D60009FF10 /* HomeViewController.m in Sources */,
				28E303CC1D64AAD00009FF10 /* Theme.m in Sources */,
				28E303C81D64AA000009FF10 /* Utils.m in Sources */,
				28E303E21D64B41B0009FF10 /* PresentViewSegue.m in Sources */,
				28E303C61D64AA000009FF10 /* NSString+Contains.m in Sources */,
				2875C41D1D6F8A750034CD9A /* GetZoneResult.m in Sources */,
			);
			runOnlyForDeploymentPostprocessing = 0;
		};
		28E3039E1D64A7D60009FF10 /* Sources */ = {
			isa = PBXSourcesBuildPhase;
			buildActionMask = 2147483647;
			files = (
				28E303A71D64A7D60009FF10 /* JabeJaUITests.m in Sources */,
			);
			runOnlyForDeploymentPostprocessing = 0;
		};
/* End PBXSourcesBuildPhase section */

/* Begin PBXTargetDependency section */
		28E303A41D64A7D60009FF10 /* PBXTargetDependency */ = {
			isa = PBXTargetDependency;
			target = 28E303881D64A7D60009FF10 /* JabeJa */;
			targetProxy = 28E303A31D64A7D60009FF10 /* PBXContainerItemProxy */;
		};
/* End PBXTargetDependency section */

/* Begin PBXVariantGroup section */
		28E303951D64A7D60009FF10 /* Main.storyboard */ = {
			isa = PBXVariantGroup;
			children = (
				28E303961D64A7D60009FF10 /* Base */,
			);
			name = Main.storyboard;
			sourceTree = "<group>";
		};
		28E3039A1D64A7D60009FF10 /* LaunchScreen.storyboard */ = {
			isa = PBXVariantGroup;
			children = (
				28E3039B1D64A7D60009FF10 /* Base */,
			);
			name = LaunchScreen.storyboard;
			sourceTree = "<group>";
		};
/* End PBXVariantGroup section */

/* Begin XCBuildConfiguration section */
		28E303A91D64A7D60009FF10 /* Debug */ = {
			isa = XCBuildConfiguration;
			buildSettings = {
				ALWAYS_SEARCH_USER_PATHS = NO;
				CLANG_ANALYZER_NONNULL = YES;
				CLANG_CXX_LANGUAGE_STANDARD = "gnu++0x";
				CLANG_CXX_LIBRARY = "libc++";
				CLANG_ENABLE_MODULES = YES;
				CLANG_ENABLE_OBJC_ARC = YES;
				CLANG_WARN_BOOL_CONVERSION = YES;
				CLANG_WARN_CONSTANT_CONVERSION = YES;
				CLANG_WARN_DIRECT_OBJC_ISA_USAGE = YES_ERROR;
				CLANG_WARN_EMPTY_BODY = YES;
				CLANG_WARN_ENUM_CONVERSION = YES;
				CLANG_WARN_INT_CONVERSION = YES;
				CLANG_WARN_OBJC_ROOT_CLASS = YES_ERROR;
				CLANG_WARN_UNREACHABLE_CODE = YES;
				CLANG_WARN__DUPLICATE_METHOD_MATCH = YES;
				"CODE_SIGN_IDENTITY[sdk=iphoneos*]" = "iPhone Developer";
				COPY_PHASE_STRIP = NO;
				DEBUG_INFORMATION_FORMAT = dwarf;
				ENABLE_STRICT_OBJC_MSGSEND = YES;
				ENABLE_TESTABILITY = YES;
				GCC_C_LANGUAGE_STANDARD = gnu99;
				GCC_DYNAMIC_NO_PIC = NO;
				GCC_NO_COMMON_BLOCKS = YES;
				GCC_OPTIMIZATION_LEVEL = 0;
				GCC_PREPROCESSOR_DEFINITIONS = (
					"DEBUG=1",
					"$(inherited)",
				);
				GCC_WARN_64_TO_32_BIT_CONVERSION = YES;
				GCC_WARN_ABOUT_RETURN_TYPE = YES_ERROR;
				GCC_WARN_UNDECLARED_SELECTOR = YES;
				GCC_WARN_UNINITIALIZED_AUTOS = YES_AGGRESSIVE;
				GCC_WARN_UNUSED_FUNCTION = YES;
				GCC_WARN_UNUSED_VARIABLE = YES;
				IPHONEOS_DEPLOYMENT_TARGET = 9.3;
				MTL_ENABLE_DEBUG_INFO = YES;
				ONLY_ACTIVE_ARCH = YES;
				SDKROOT = iphoneos;
				TARGETED_DEVICE_FAMILY = "1,2";
			};
			name = Debug;
		};
		28E303AA1D64A7D60009FF10 /* Release */ = {
			isa = XCBuildConfiguration;
			buildSettings = {
				ALWAYS_SEARCH_USER_PATHS = NO;
				CLANG_ANALYZER_NONNULL = YES;
				CLANG_CXX_LANGUAGE_STANDARD = "gnu++0x";
				CLANG_CXX_LIBRARY = "libc++";
				CLANG_ENABLE_MODULES = YES;
				CLANG_ENABLE_OBJC_ARC = YES;
				CLANG_WARN_BOOL_CONVERSION = YES;
				CLANG_WARN_CONSTANT_CONVERSION = YES;
				CLANG_WARN_DIRECT_OBJC_ISA_USAGE = YES_ERROR;
				CLANG_WARN_EMPTY_BODY = YES;
				CLANG_WARN_ENUM_CONVERSION = YES;
				CLANG_WARN_INT_CONVERSION = YES;
				CLANG_WARN_OBJC_ROOT_CLASS = YES_ERROR;
				CLANG_WARN_UNREACHABLE_CODE = YES;
				CLANG_WARN__DUPLICATE_METHOD_MATCH = YES;
				"CODE_SIGN_IDENTITY[sdk=iphoneos*]" = "iPhone Developer";
				COPY_PHASE_STRIP = NO;
				DEBUG_INFORMATION_FORMAT = "dwarf-with-dsym";
				ENABLE_NS_ASSERTIONS = NO;
				ENABLE_STRICT_OBJC_MSGSEND = YES;
				GCC_C_LANGUAGE_STANDARD = gnu99;
				GCC_NO_COMMON_BLOCKS = YES;
				GCC_WARN_64_TO_32_BIT_CONVERSION = YES;
				GCC_WARN_ABOUT_RETURN_TYPE = YES_ERROR;
				GCC_WARN_UNDECLARED_SELECTOR = YES;
				GCC_WARN_UNINITIALIZED_AUTOS = YES_AGGRESSIVE;
				GCC_WARN_UNUSED_FUNCTION = YES;
				GCC_WARN_UNUSED_VARIABLE = YES;
				IPHONEOS_DEPLOYMENT_TARGET = 9.3;
				MTL_ENABLE_DEBUG_INFO = NO;
				SDKROOT = iphoneos;
				TARGETED_DEVICE_FAMILY = "1,2";
				VALIDATE_PRODUCT = YES;
			};
			name = Release;
		};
		28E303AC1D64A7D60009FF10 /* Debug */ = {
			isa = XCBuildConfiguration;
			baseConfigurationReference = DB210FDBF5DAE2BDACA4302B /* Pods-JabeJa.debug.xcconfig */;
			buildSettings = {
				ASSETCATALOG_COMPILER_APPICON_NAME = AppIcon;
				CODE_SIGN_IDENTITY = "iPhone Developer";
				"CODE_SIGN_IDENTITY[sdk=iphoneos*]" = "iPhone Developer";
				FRAMEWORK_SEARCH_PATHS = /Users/yektaie/Documents/FacebookSDK;
				GCC_PRECOMPILE_PREFIX_HEADER = YES;
				GCC_PREFIX_HEADER = "$(SRCROOT)/$(PROJECT_NAME)/Commons.pch";
				INFOPLIST_FILE = JabeJa/Info.plist;
				IPHONEOS_DEPLOYMENT_TARGET = 8.0;
				LD_RUNPATH_SEARCH_PATHS = "$(inherited) @executable_path/Frameworks";
				PRODUCT_BUNDLE_IDENTIFIER = com.yekisoft.jabeja;
				PRODUCT_NAME = "$(TARGET_NAME)";
				PROVISIONING_PROFILE = "";
			};
			name = Debug;
		};
		28E303AD1D64A7D60009FF10 /* Release */ = {
			isa = XCBuildConfiguration;
			baseConfigurationReference = 1D6F9809AC02C85904FF8DA9 /* Pods-JabeJa.release.xcconfig */;
			buildSettings = {
				ASSETCATALOG_COMPILER_APPICON_NAME = AppIcon;
				CODE_SIGN_IDENTITY = "iPhone Developer";
				"CODE_SIGN_IDENTITY[sdk=iphoneos*]" = "iPhone Developer";
				FRAMEWORK_SEARCH_PATHS = /Users/yektaie/Documents/FacebookSDK;
				GCC_PRECOMPILE_PREFIX_HEADER = YES;
				GCC_PREFIX_HEADER = "$(SRCROOT)/$(PROJECT_NAME)/Commons.pch";
				INFOPLIST_FILE = JabeJa/Info.plist;
				IPHONEOS_DEPLOYMENT_TARGET = 8.0;
				LD_RUNPATH_SEARCH_PATHS = "$(inherited) @executable_path/Frameworks";
				PRODUCT_BUNDLE_IDENTIFIER = com.yekisoft.jabeja;
				PRODUCT_NAME = "$(TARGET_NAME)";
				PROVISIONING_PROFILE = "";
			};
			name = Release;
		};
		28E303AF1D64A7D60009FF10 /* Debug */ = {
			isa = XCBuildConfiguration;
			buildSettings = {
				INFOPLIST_FILE = JabeJaUITests/Info.plist;
				LD_RUNPATH_SEARCH_PATHS = "$(inherited) @executable_path/Frameworks @loader_path/Frameworks";
				PRODUCT_BUNDLE_IDENTIFIER = com.yekisoft.JabeJaUITests;
				PRODUCT_NAME = "$(TARGET_NAME)";
				TEST_TARGET_NAME = JabeJa;
			};
			name = Debug;
		};
		28E303B01D64A7D60009FF10 /* Release */ = {
			isa = XCBuildConfiguration;
			buildSettings = {
				INFOPLIST_FILE = JabeJaUITests/Info.plist;
				LD_RUNPATH_SEARCH_PATHS = "$(inherited) @executable_path/Frameworks @loader_path/Frameworks";
				PRODUCT_BUNDLE_IDENTIFIER = com.yekisoft.JabeJaUITests;
				PRODUCT_NAME = "$(TARGET_NAME)";
				TEST_TARGET_NAME = JabeJa;
			};
			name = Release;
		};
/* End XCBuildConfiguration section */

/* Begin XCConfigurationList section */
		28E303841D64A7D60009FF10 /* Build configuration list for PBXProject "JabeJa" */ = {
			isa = XCConfigurationList;
			buildConfigurations = (
				28E303A91D64A7D60009FF10 /* Debug */,
				28E303AA1D64A7D60009FF10 /* Release */,
			);
			defaultConfigurationIsVisible = 0;
			defaultConfigurationName = Release;
		};
		28E303AB1D64A7D60009FF10 /* Build configuration list for PBXNativeTarget "JabeJa" */ = {
			isa = XCConfigurationList;
			buildConfigurations = (
				28E303AC1D64A7D60009FF10 /* Debug */,
				28E303AD1D64A7D60009FF10 /* Release */,
			);
			defaultConfigurationIsVisible = 0;
			defaultConfigurationName = Release;
		};
		28E303AE1D64A7D60009FF10 /* Build configuration list for PBXNativeTarget "JabeJaUITests" */ = {
			isa = XCConfigurationList;
			buildConfigurations = (
				28E303AF1D64A7D60009FF10 /* Debug */,
				28E303B01D64A7D60009FF10 /* Release */,
			);
			defaultConfigurationIsVisible = 0;
			defaultConfigurationName = Release;
		};
/* End XCConfigurationList section */
	};
	rootObject = 28E303811D64A7D60009FF10 /* Project object */;
}
